
Microsoft Visual Studio Solution File, Format Version 12.00
# Visual Studio Version 16
VisualStudioVersion = 16.0.33801.447
MinimumVisualStudioVersion = 10.0.40219.1
Project("{FAE04EC0-301F-11D3-BF4B-00C04F79EFBC}") = "AuditTrail API", "AuditTrail API\AuditTrail API.csproj", "{65FFBBE4-3E6B-450A-BEE1-C812491ACF37}"
EndProject
Global
	GlobalSection(SolutionConfigurationPlatforms) = preSolution
		Debug|Any CPU = Debug|Any CPU
		Release|Any CPU = Release|Any CPU
	EndGlobalSection
	GlobalSection(ProjectConfigurationPlatforms) = postSolution
		{65FFBBE4-3E6B-450A-BEE1-C812491ACF37}.Debug|Any CPU.ActiveCfg = Debug|Any CPU
		{65FFBBE4-3E6B-450A-BEE1-C812491ACF37}.Debug|Any CPU.Build.0 = Debug|Any CPU
		{65FFBBE4-3E6B-450A-BEE1-C812491ACF37}.Release|Any CPU.ActiveCfg = Release|Any CPU
		{65FFBBE4-3E6B-450A-BEE1-C812491ACF37}.Release|Any CPU.Build.0 = Release|Any CPU
	EndGlobalSection
	GlobalSection(SolutionProperties) = preSolution
		HideSolutionNode = FALSE
	EndGlobalSection
	GlobalSection(ExtensibilityGlobals) = postSolution
		SolutionGuid = {91181CA9-CCEC-4F95-9A9A-EAB5033DA4DB}
	EndGlobalSection
EndGlobal
